
Microsoft Visual Studio Solution File, Format Version 12.00
# Visual Studio Version 16
VisualStudioVersion = 16.0.29609.76
MinimumVisualStudioVersion = 10.0.40219.1
Project("{FAE04EC0-301F-11D3-BF4B-00C04F79EFBC}") = "ConsoleApp1", "ConsoleApp1\ConsoleApp1.csproj", "{44BED76E-9539-482D-B58E-A68797148493}"
EndProject
Global
	GlobalSection(SolutionConfigurationPlatforms) = preSolution
		Debug|Any CPU = Debug|Any CPU
		Release|Any CPU = Release|Any CPU
	EndGlobalSection
	GlobalSection(ProjectConfigurationPlatforms) = postSolution
		{44BED76E-9539-482D-B58E-A68797148493}.Debug|Any CPU.ActiveCfg = Debug|Any CPU
		{44BED76E-9539-482D-B58E-A68797148493}.Debug|Any CPU.Build.0 = Debug|Any CPU
		{44BED76E-9539-482D-B58E-A68797148493}.Release|Any CPU.ActiveCfg = Release|Any CPU
		{44BED76E-9539-482D-B58E-A68797148493}.Release|Any CPU.Build.0 = Release|Any CPU
	EndGlobalSection
	GlobalSection(SolutionProperties) = preSolution
		HideSolutionNode = FALSE
	EndGlobalSection
	GlobalSection(ExtensibilityGlobals) = postSolution
		SolutionGuid = {9836C23C-DFAF-4231-A054-F277F022FFA8}
	EndGlobalSection
EndGlobal
